
Microsoft Visual Studio Solution File, Format Version 12.00
# Visual Studio Version 17
VisualStudioVersion = 17.9.34622.214
MinimumVisualStudioVersion = 10.0.40219.1
Project("{9A19103F-16F7-4668-BE54-9A1E7A4F7556}") = "QuanLyBanHang", "QuanLyBanHang.csproj", "{168EA7AA-80C7-452B-B175-A1C72F536205}"
EndProject
Project("{FAE04EC0-301F-11D3-BF4B-00C04F79EFBC}") = "DataBase", "..\DataBase\DataBase.csproj", "{2C3BBA86-AEAF-4106-A5B1-D9FDE3377E2A}"
EndProject
Global
	GlobalSection(SolutionConfigurationPlatforms) = preSolution
		Debug|Any CPU = Debug|Any CPU
		Release|Any CPU = Release|Any CPU
	EndGlobalSection
	GlobalSection(ProjectConfigurationPlatforms) = postSolution
		{168EA7AA-80C7-452B-B175-A1C72F536205}.Debug|Any CPU.ActiveCfg = Debug|Any CPU
		{168EA7AA-80C7-452B-B175-A1C72F536205}.Debug|Any CPU.Build.0 = Debug|Any CPU
		{168EA7AA-80C7-452B-B175-A1C72F536205}.Release|Any CPU.ActiveCfg = Release|Any CPU
		{168EA7AA-80C7-452B-B175-A1C72F536205}.Release|Any CPU.Build.0 = Release|Any CPU
		{2C3BBA86-AEAF-4106-A5B1-D9FDE3377E2A}.Debug|Any CPU.ActiveCfg = Debug|Any CPU
		{2C3BBA86-AEAF-4106-A5B1-D9FDE3377E2A}.Debug|Any CPU.Build.0 = Debug|Any CPU
		{2C3BBA86-AEAF-4106-A5B1-D9FDE3377E2A}.Release|Any CPU.ActiveCfg = Release|Any CPU
		{2C3BBA86-AEAF-4106-A5B1-D9FDE3377E2A}.Release|Any CPU.Build.0 = Release|Any CPU
	EndGlobalSection
	GlobalSection(SolutionProperties) = preSolution
		HideSolutionNode = FALSE
	EndGlobalSection
	GlobalSection(ExtensibilityGlobals) = postSolution
		SolutionGuid = {AE7A1589-4FD9-4B66-8A32-F39577D0F6EB}
	EndGlobalSection
EndGlobal
