
Microsoft Visual Studio Solution File, Format Version 12.00
# Visual Studio Version 17
VisualStudioVersion = 17.5.002.0
MinimumVisualStudioVersion = 10.0.40219.1
Project("{9A19103F-16F7-4668-BE54-9A1E7A4F7556}") = "DataBase", "DataBase.csproj", "{663C3D7F-4BD0-469F-89AA-A4120E26AC92}"
EndProject
Global
	GlobalSection(SolutionConfigurationPlatforms) = preSolution
		Debug|Any CPU = Debug|Any CPU
		Release|Any CPU = Release|Any CPU
	EndGlobalSection
	GlobalSection(ProjectConfigurationPlatforms) = postSolution
		{663C3D7F-4BD0-469F-89AA-A4120E26AC92}.Debug|Any CPU.ActiveCfg = Debug|Any CPU
		{663C3D7F-4BD0-469F-89AA-A4120E26AC92}.Debug|Any CPU.Build.0 = Debug|Any CPU
		{663C3D7F-4BD0-469F-89AA-A4120E26AC92}.Release|Any CPU.ActiveCfg = Release|Any CPU
		{663C3D7F-4BD0-469F-89AA-A4120E26AC92}.Release|Any CPU.Build.0 = Release|Any CPU
	EndGlobalSection
	GlobalSection(SolutionProperties) = preSolution
		HideSolutionNode = FALSE
	EndGlobalSection
	GlobalSection(ExtensibilityGlobals) = postSolution
		SolutionGuid = {4B72FB64-E92A-453C-B0B8-D663A86631D2}
	EndGlobalSection
EndGlobal
